// !$*UTF8*$!
{
	archiveVersion = 1;
	classes = {
	};
	objectVersion = 46;
	objects = {

/* Begin PBXBuildFile section */
		AB985ADA1CBB890A0003B01E /* DetailController.swift in Sources */ = {isa = PBXBuildFile; fileRef = AB985AD91CBB890A0003B01E /* DetailController.swift */; };
		AB985ADC1CBB8BEE0003B01E /* DetailCellController.swift in Sources */ = {isa = PBXBuildFile; fileRef = AB985ADB1CBB8BEE0003B01E /* DetailCellController.swift */; };
		AB9B5C2D1CB385D200211EE9 /* AppDelegate.swift in Sources */ = {isa = PBXBuildFile; fileRef = AB9B5C2C1CB385D200211EE9 /* AppDelegate.swift */; };
		AB9B5C321CB385D200211EE9 /* Main.storyboard in Resources */ = {isa = PBXBuildFile; fileRef = AB9B5C301CB385D200211EE9 /* Main.storyboard */; };
		AB9B5C351CB385D200211EE9 /* Challenge_3.xcdatamodeld in Sources */ = {isa = PBXBuildFile; fileRef = AB9B5C331CB385D200211EE9 /* Challenge_3.xcdatamodeld */; };
		AB9B5C371CB385D200211EE9 /* Assets.xcassets in Resources */ = {isa = PBXBuildFile; fileRef = AB9B5C361CB385D200211EE9 /* Assets.xcassets */; };
		AB9B5C3A1CB385D200211EE9 /* LaunchScreen.storyboard in Resources */ = {isa = PBXBuildFile; fileRef = AB9B5C381CB385D200211EE9 /* LaunchScreen.storyboard */; };
		AB9B5C441CB3892900211EE9 /* FoodList.swift in Sources */ = {isa = PBXBuildFile; fileRef = AB9B5C411CB3892900211EE9 /* FoodList.swift */; };
		AB9B5C451CB3892900211EE9 /* BookListController.swift in Sources */ = {isa = PBXBuildFile; fileRef = AB9B5C421CB3892900211EE9 /* BookListController.swift */; };
		AB9B5C461CB3892900211EE9 /* CustomCellController.swift in Sources */ = {isa = PBXBuildFile; fileRef = AB9B5C431CB3892900211EE9 /* CustomCellController.swift */; };
		AB9B5C4A1CB3B0E200211EE9 /* Order.swift in Sources */ = {isa = PBXBuildFile; fileRef = AB9B5C491CB3B0E100211EE9 /* Order.swift */; };
		E1375E261CB9213600773418 /* OrderCellController.swift in Sources */ = {isa = PBXBuildFile; fileRef = E1375E251CB9213600773418 /* OrderCellController.swift */; };
		E1375E2C1CBA3B6A00773418 /* CurrentOrderController.swift in Sources */ = {isa = PBXBuildFile; fileRef = E1375E2B1CBA3B6A00773418 /* CurrentOrderController.swift */; };
		E1375E311CBA465300773418 /* Entity+CoreDataProperties.swift in Sources */ = {isa = PBXBuildFile; fileRef = E1375E2F1CBA465300773418 /* Entity+CoreDataProperties.swift */; };
		E1375E321CBA465300773418 /* Entity.swift in Sources */ = {isa = PBXBuildFile; fileRef = E1375E301CBA465300773418 /* Entity.swift */; };
		E13EDA751CB91FF300AF156F /* OrderController.swift in Sources */ = {isa = PBXBuildFile; fileRef = E13EDA741CB91FF300AF156F /* OrderController.swift */; };
/* End PBXBuildFile section */

/* Begin PBXFileReference section */
		AB985AD91CBB890A0003B01E /* DetailController.swift */ = {isa = PBXFileReference; fileEncoding = 4; lastKnownFileType = sourcecode.swift; path = DetailController.swift; sourceTree = "<group>"; };
		AB985ADB1CBB8BEE0003B01E /* DetailCellController.swift */ = {isa = PBXFileReference; fileEncoding = 4; lastKnownFileType = sourcecode.swift; path = DetailCellController.swift; sourceTree = "<group>"; };
		AB9B5C291CB385D200211EE9 /* Challenge 3.app */ = {isa = PBXFileReference; explicitFileType = wrapper.application; includeInIndex = 0; path = "Challenge 3.app"; sourceTree = BUILT_PRODUCTS_DIR; };
		AB9B5C2C1CB385D200211EE9 /* AppDelegate.swift */ = {isa = PBXFileReference; lastKnownFileType = sourcecode.swift; path = AppDelegate.swift; sourceTree = "<group>"; };
		AB9B5C311CB385D200211EE9 /* Base */ = {isa = PBXFileReference; lastKnownFileType = file.storyboard; name = Base; path = Base.lproj/Main.storyboard; sourceTree = "<group>"; };
		AB9B5C341CB385D200211EE9 /* Challenge_3.xcdatamodel */ = {isa = PBXFileReference; lastKnownFileType = wrapper.xcdatamodel; path = Challenge_3.xcdatamodel; sourceTree = "<group>"; };
		AB9B5C361CB385D200211EE9 /* Assets.xcassets */ = {isa = PBXFileReference; lastKnownFileType = folder.assetcatalog; path = Assets.xcassets; sourceTree = "<group>"; };
		AB9B5C391CB385D200211EE9 /* Base */ = {isa = PBXFileReference; lastKnownFileType = file.storyboard; name = Base; path = Base.lproj/LaunchScreen.storyboard; sourceTree = "<group>"; };
		AB9B5C3B1CB385D200211EE9 /* Info.plist */ = {isa = PBXFileReference; lastKnownFileType = text.plist.xml; path = Info.plist; sourceTree = "<group>"; };
		AB9B5C411CB3892900211EE9 /* FoodList.swift */ = {isa = PBXFileReference; fileEncoding = 4; lastKnownFileType = sourcecode.swift; path = FoodList.swift; sourceTree = "<group>"; };
		AB9B5C421CB3892900211EE9 /* BookListController.swift */ = {isa = PBXFileReference; fileEncoding = 4; lastKnownFileType = sourcecode.swift; path = BookListController.swift; sourceTree = "<group>"; };
		AB9B5C431CB3892900211EE9 /* CustomCellController.swift */ = {isa = PBXFileReference; fileEncoding = 4; lastKnownFileType = sourcecode.swift; path = CustomCellController.swift; sourceTree = "<group>"; };
		AB9B5C491CB3B0E100211EE9 /* Order.swift */ = {isa = PBXFileReference; fileEncoding = 4; lastKnownFileType = sourcecode.swift; path = Order.swift; sourceTree = "<group>"; };
		E1375E251CB9213600773418 /* OrderCellController.swift */ = {isa = PBXFileReference; fileEncoding = 4; lastKnownFileType = sourcecode.swift; path = OrderCellController.swift; sourceTree = "<group>"; };
		E1375E2B1CBA3B6A00773418 /* CurrentOrderController.swift */ = {isa = PBXFileReference; fileEncoding = 4; lastKnownFileType = sourcecode.swift; path = CurrentOrderController.swift; sourceTree = "<group>"; };
		E1375E2F1CBA465300773418 /* Entity+CoreDataProperties.swift */ = {isa = PBXFileReference; fileEncoding = 4; lastKnownFileType = sourcecode.swift; path = "Entity+CoreDataProperties.swift"; sourceTree = "<group>"; };
		E1375E301CBA465300773418 /* Entity.swift */ = {isa = PBXFileReference; fileEncoding = 4; lastKnownFileType = sourcecode.swift; path = Entity.swift; sourceTree = "<group>"; };
		E13EDA741CB91FF300AF156F /* OrderController.swift */ = {isa = PBXFileReference; fileEncoding = 4; lastKnownFileType = sourcecode.swift; path = OrderController.swift; sourceTree = "<group>"; };
/* End PBXFileReference section */

/* Begin PBXFrameworksBuildPhase section */
		AB9B5C261CB385D200211EE9 /* Frameworks */ = {
			isa = PBXFrameworksBuildPhase;
			buildActionMask = 2147483647;
			files = (
			);
			runOnlyForDeploymentPostprocessing = 0;
		};
/* End PBXFrameworksBuildPhase section */

/* Begin PBXGroup section */
		AB9B5C201CB385D200211EE9 = {
			isa = PBXGroup;
			children = (
				E1375E2F1CBA465300773418 /* Entity+CoreDataProperties.swift */,
				E1375E301CBA465300773418 /* Entity.swift */,
				AB9B5C2B1CB385D200211EE9 /* Challenge 3 */,
				AB9B5C2A1CB385D200211EE9 /* Products */,
			);
			sourceTree = "<group>";
		};
		AB9B5C2A1CB385D200211EE9 /* Products */ = {
			isa = PBXGroup;
			children = (
				AB9B5C291CB385D200211EE9 /* Challenge 3.app */,
			);
			name = Products;
			sourceTree = "<group>";
		};
		AB9B5C2B1CB385D200211EE9 /* Challenge 3 */ = {
			isa = PBXGroup;
			children = (
				AB9B5C411CB3892900211EE9 /* FoodList.swift */,
				AB9B5C421CB3892900211EE9 /* BookListController.swift */,
				AB9B5C431CB3892900211EE9 /* CustomCellController.swift */,
				AB9B5C2C1CB385D200211EE9 /* AppDelegate.swift */,
				AB9B5C301CB385D200211EE9 /* Main.storyboard */,
				AB9B5C361CB385D200211EE9 /* Assets.xcassets */,
				AB9B5C381CB385D200211EE9 /* LaunchScreen.storyboard */,
				AB9B5C3B1CB385D200211EE9 /* Info.plist */,
				AB9B5C331CB385D200211EE9 /* Challenge_3.xcdatamodeld */,
				AB9B5C491CB3B0E100211EE9 /* Order.swift */,
				E13EDA741CB91FF300AF156F /* OrderController.swift */,
				E1375E251CB9213600773418 /* OrderCellController.swift */,
				E1375E2B1CBA3B6A00773418 /* CurrentOrderController.swift */,
				AB985AD91CBB890A0003B01E /* DetailController.swift */,
				AB985ADB1CBB8BEE0003B01E /* DetailCellController.swift */,
			);
			path = "Challenge 3";
			sourceTree = "<group>";
		};
/* End PBXGroup section */

/* Begin PBXNativeTarget section */
		AB9B5C281CB385D200211EE9 /* Challenge 3 */ = {
			isa = PBXNativeTarget;
			buildConfigurationList = AB9B5C3E1CB385D200211EE9 /* Build configuration list for PBXNativeTarget "Challenge 3" */;
			buildPhases = (
				AB9B5C251CB385D200211EE9 /* Sources */,
				AB9B5C261CB385D200211EE9 /* Frameworks */,
				AB9B5C271CB385D200211EE9 /* Resources */,
			);
			buildRules = (
			);
			dependencies = (
			);
			name = "Challenge 3";
			productName = "Challenge 3";
			productReference = AB9B5C291CB385D200211EE9 /* Challenge 3.app */;
			productType = "com.apple.product-type.application";
		};
/* End PBXNativeTarget section */

/* Begin PBXProject section */
		AB9B5C211CB385D200211EE9 /* Project object */ = {
			isa = PBXProject;
			attributes = {
				LastSwiftUpdateCheck = 0720;
				LastUpgradeCheck = 0720;
				ORGANIZATIONNAME = "Coventry University";
				TargetAttributes = {
					AB9B5C281CB385D200211EE9 = {
						CreatedOnToolsVersion = 7.2;
					};
				};
			};
			buildConfigurationList = AB9B5C241CB385D200211EE9 /* Build configuration list for PBXProject "Challenge 3" */;
			compatibilityVersion = "Xcode 3.2";
			developmentRegion = English;
			hasScannedForEncodings = 0;
			knownRegions = (
				en,
				Base,
			);
			mainGroup = AB9B5C201CB385D200211EE9;
			productRefGroup = AB9B5C2A1CB385D200211EE9 /* Products */;
			projectDirPath = "";
			projectRoot = "";
			targets = (
				AB9B5C281CB385D200211EE9 /* Challenge 3 */,
			);
		};
/* End PBXProject section */

/* Begin PBXResourcesBuildPhase section */
		AB9B5C271CB385D200211EE9 /* Resources */ = {
			isa = PBXResourcesBuildPhase;
			buildActionMask = 2147483647;
			files = (
				AB9B5C3A1CB385D200211EE9 /* LaunchScreen.storyboard in Resources */,
				AB9B5C371CB385D200211EE9 /* Assets.xcassets in Resources */,
				AB9B5C321CB385D200211EE9 /* Main.storyboard in Resources */,
			);
			runOnlyForDeploymentPostprocessing = 0;
		};
/* End PBXResourcesBuildPhase section */

/* Begin PBXSourcesBuildPhase section */
		AB9B5C251CB385D200211EE9 /* Sources */ = {
			isa = PBXSourcesBuildPhase;
			buildActionMask = 2147483647;
			files = (
				AB985ADC1CBB8BEE0003B01E /* DetailCellController.swift in Sources */,
				AB9B5C441CB3892900211EE9 /* FoodList.swift in Sources */,
				E1375E321CBA465300773418 /* Entity.swift in Sources */,
				AB9B5C4A1CB3B0E200211EE9 /* Order.swift in Sources */,
				E13EDA751CB91FF300AF156F /* OrderController.swift in Sources */,
				E1375E261CB9213600773418 /* OrderCellController.swift in Sources */,
				AB9B5C351CB385D200211EE9 /* Challenge_3.xcdatamodeld in Sources */,
				AB9B5C461CB3892900211EE9 /* CustomCellController.swift in Sources */,
				E1375E311CBA465300773418 /* Entity+CoreDataProperties.swift in Sources */,
				AB985ADA1CBB890A0003B01E /* DetailController.swift in Sources */,
				AB9B5C451CB3892900211EE9 /* BookListController.swift in Sources */,
				E1375E2C1CBA3B6A00773418 /* CurrentOrderController.swift in Sources */,
				AB9B5C2D1CB385D200211EE9 /* AppDelegate.swift in Sources */,
			);
			runOnlyForDeploymentPostprocessing = 0;
		};
/* End PBXSourcesBuildPhase section */

/* Begin PBXVariantGroup section */
		AB9B5C301CB385D200211EE9 /* Main.storyboard */ = {
			isa = PBXVariantGroup;
			children = (
				AB9B5C311CB385D200211EE9 /* Base */,
			);
			name = Main.storyboard;
			sourceTree = "<group>";
		};
		AB9B5C381CB385D200211EE9 /* LaunchScreen.storyboard */ = {
			isa = PBXVariantGroup;
			children = (
				AB9B5C391CB385D200211EE9 /* Base */,
			);
			name = LaunchScreen.storyboard;
			sourceTree = "<group>";
		};
/* End PBXVariantGroup section */

/* Begin XCBuildConfiguration section */
		AB9B5C3C1CB385D200211EE9 /* Debug */ = {
			isa = XCBuildConfiguration;
			buildSettings = {
				ALWAYS_SEARCH_USER_PATHS = NO;
				CLANG_CXX_LANGUAGE_STANDARD = "gnu++0x";
				CLANG_CXX_LIBRARY = "libc++";
				CLANG_ENABLE_MODULES = YES;
				CLANG_ENABLE_OBJC_ARC = YES;
				CLANG_WARN_BOOL_CONVERSION = YES;
				CLANG_WARN_CONSTANT_CONVERSION = YES;
				CLANG_WARN_DIRECT_OBJC_ISA_USAGE = YES_ERROR;
				CLANG_WARN_EMPTY_BODY = YES;
				CLANG_WARN_ENUM_CONVERSION = YES;
				CLANG_WARN_INT_CONVERSION = YES;
				CLANG_WARN_OBJC_ROOT_CLASS = YES_ERROR;
				CLANG_WARN_UNREACHABLE_CODE = YES;
				CLANG_WARN__DUPLICATE_METHOD_MATCH = YES;
				"CODE_SIGN_IDENTITY[sdk=iphoneos*]" = "iPhone Developer";
				COPY_PHASE_STRIP = NO;
				DEBUG_INFORMATION_FORMAT = dwarf;
				ENABLE_STRICT_OBJC_MSGSEND = YES;
				ENABLE_TESTABILITY = YES;
				GCC_C_LANGUAGE_STANDARD = gnu99;
				GCC_DYNAMIC_NO_PIC = NO;
				GCC_NO_COMMON_BLOCKS = YES;
				GCC_OPTIMIZATION_LEVEL = 0;
				GCC_PREPROCESSOR_DEFINITIONS = (
					"DEBUG=1",
					"$(inherited)",
				);
				GCC_WARN_64_TO_32_BIT_CONVERSION = YES;
				GCC_WARN_ABOUT_RETURN_TYPE = YES_ERROR;
				GCC_WARN_UNDECLARED_SELECTOR = YES;
				GCC_WARN_UNINITIALIZED_AUTOS = YES_AGGRESSIVE;
				GCC_WARN_UNUSED_FUNCTION = YES;
				GCC_WARN_UNUSED_VARIABLE = YES;
				IPHONEOS_DEPLOYMENT_TARGET = 9.2;
				MTL_ENABLE_DEBUG_INFO = YES;
				ONLY_ACTIVE_ARCH = YES;
				SDKROOT = iphoneos;
				SWIFT_OPTIMIZATION_LEVEL = "-Onone";
			};
			name = Debug;
		};
		AB9B5C3D1CB385D200211EE9 /* Release */ = {
			isa = XCBuildConfiguration;
			buildSettings = {
				ALWAYS_SEARCH_USER_PATHS = NO;
				CLANG_CXX_LANGUAGE_STANDARD = "gnu++0x";
				CLANG_CXX_LIBRARY = "libc++";
				CLANG_ENABLE_MODULES = YES;
				CLANG_ENABLE_OBJC_ARC = YES;
				CLANG_WARN_BOOL_CONVERSION = YES;
				CLANG_WARN_CONSTANT_CONVERSION = YES;
				CLANG_WARN_DIRECT_OBJC_ISA_USAGE = YES_ERROR;
				CLANG_WARN_EMPTY_BODY = YES;
				CLANG_WARN_ENUM_CONVERSION = YES;
				CLANG_WARN_INT_CONVERSION = YES;
				CLANG_WARN_OBJC_ROOT_CLASS = YES_ERROR;
				CLANG_WARN_UNREACHABLE_CODE = YES;
				CLANG_WARN__DUPLICATE_METHOD_MATCH = YES;
				"CODE_SIGN_IDENTITY[sdk=iphoneos*]" = "iPhone Developer";
				COPY_PHASE_STRIP = NO;
				DEBUG_INFORMATION_FORMAT = "dwarf-with-dsym";
				ENABLE_NS_ASSERTIONS = NO;
				ENABLE_STRICT_OBJC_MSGSEND = YES;
				GCC_C_LANGUAGE_STANDARD = gnu99;
				GCC_NO_COMMON_BLOCKS = YES;
				GCC_WARN_64_TO_32_BIT_CONVERSION = YES;
				GCC_WARN_ABOUT_RETURN_TYPE = YES_ERROR;
				GCC_WARN_UNDECLARED_SELECTOR = YES;
				GCC_WARN_UNINITIALIZED_AUTOS = YES_AGGRESSIVE;
				GCC_WARN_UNUSED_FUNCTION = YES;
				GCC_WARN_UNUSED_VARIABLE = YES;
				IPHONEOS_DEPLOYMENT_TARGET = 9.2;
				MTL_ENABLE_DEBUG_INFO = NO;
				SDKROOT = iphoneos;
				VALIDATE_PRODUCT = YES;
			};
			name = Release;
		};
		AB9B5C3F1CB385D200211EE9 /* Debug */ = {
			isa = XCBuildConfiguration;
			buildSettings = {
				ASSETCATALOG_COMPILER_APPICON_NAME = AppIcon;
				INFOPLIST_FILE = "Challenge 3/Info.plist";
				LD_RUNPATH_SEARCH_PATHS = "$(inherited) @executable_path/Frameworks";
				PRODUCT_BUNDLE_IDENTIFIER = "com.micpringle.Challenge-3";
				PRODUCT_NAME = "$(TARGET_NAME)";
			};
			name = Debug;
		};
		AB9B5C401CB385D200211EE9 /* Release */ = {
			isa = XCBuildConfiguration;
			buildSettings = {
				ASSETCATALOG_COMPILER_APPICON_NAME = AppIcon;
				INFOPLIST_FILE = "Challenge 3/Info.plist";
				LD_RUNPATH_SEARCH_PATHS = "$(inherited) @executable_path/Frameworks";
				PRODUCT_BUNDLE_IDENTIFIER = "com.micpringle.Challenge-3";
				PRODUCT_NAME = "$(TARGET_NAME)";
			};
			name = Release;
		};
/* End XCBuildConfiguration section */

/* Begin XCConfigurationList section */
		AB9B5C241CB385D200211EE9 /* Build configuration list for PBXProject "Challenge 3" */ = {
			isa = XCConfigurationList;
			buildConfigurations = (
				AB9B5C3C1CB385D200211EE9 /* Debug */,
				AB9B5C3D1CB385D200211EE9 /* Release */,
			);
			defaultConfigurationIsVisible = 0;
			defaultConfigurationName = Release;
		};
		AB9B5C3E1CB385D200211EE9 /* Build configuration list for PBXNativeTarget "Challenge 3" */ = {
			isa = XCConfigurationList;
			buildConfigurations = (
				AB9B5C3F1CB385D200211EE9 /* Debug */,
				AB9B5C401CB385D200211EE9 /* Release */,
			);
			defaultConfigurationIsVisible = 0;
			defaultConfigurationName = Release;
		};
/* End XCConfigurationList section */

/* Begin XCVersionGroup section */
		AB9B5C331CB385D200211EE9 /* Challenge_3.xcdatamodeld */ = {
			isa = XCVersionGroup;
			children = (
				AB9B5C341CB385D200211EE9 /* Challenge_3.xcdatamodel */,
			);
			currentVersion = AB9B5C341CB385D200211EE9 /* Challenge_3.xcdatamodel */;
			path = Challenge_3.xcdatamodeld;
			sourceTree = "<group>";
			versionGroupType = wrapper.xcdatamodel;
		};
/* End XCVersionGroup section */
	};
	rootObject = AB9B5C211CB385D200211EE9 /* Project object */;
}
